
Microsoft Visual Studio Solution File, Format Version 12.00
# Visual Studio Version 17
VisualStudioVersion = 17.7.34031.279
MinimumVisualStudioVersion = 10.0.40219.1
Project("{8BC9CEB8-8B4A-11D0-8D11-00A0C91BC942}") = "wog native dialogs", "wog native dialogs\wog native dialogs.vcxproj", "{F1177A59-3D30-420E-9409-A72DD744E285}"
EndProject
Global
	GlobalSection(SolutionConfigurationPlatforms) = preSolution
		Debug|Win32 = Debug|Win32
		Release|Win32 = Release|Win32
	EndGlobalSection
	GlobalSection(ProjectConfigurationPlatforms) = postSolution
		{F1177A59-3D30-420E-9409-A72DD744E285}.Debug|Win32.ActiveCfg = Debug|Win32
		{F1177A59-3D30-420E-9409-A72DD744E285}.Debug|Win32.Build.0 = Debug|Win32
		{F1177A59-3D30-420E-9409-A72DD744E285}.Release|Win32.ActiveCfg = Release|Win32
		{F1177A59-3D30-420E-9409-A72DD744E285}.Release|Win32.Build.0 = Release|Win32
	EndGlobalSection
	GlobalSection(SolutionProperties) = preSolution
		HideSolutionNode = FALSE
	EndGlobalSection
	GlobalSection(ExtensibilityGlobals) = postSolution
		SolutionGuid = {01A30BDB-0828-4C69-9C41-F4AF95CB3805}
	EndGlobalSection
EndGlobal
